
Microsoft Visual Studio Solution File, Format Version 12.00
# Visual Studio 15
VisualStudioVersion = 15.0.28010.2036
MinimumVisualStudioVersion = 10.0.40219.1
Project("{FAE04EC0-301F-11D3-BF4B-00C04F79EFBC}") = "WFTextEditor", "WFTextEditor\WFTextEditor.csproj", "{C8EAE0EF-0927-48CC-A7AF-D103CFFEA09B}"
EndProject
Global
	GlobalSection(SolutionConfigurationPlatforms) = preSolution
		Debug|Any CPU = Debug|Any CPU
		Release|Any CPU = Release|Any CPU
	EndGlobalSection
	GlobalSection(ProjectConfigurationPlatforms) = postSolution
		{C8EAE0EF-0927-48CC-A7AF-D103CFFEA09B}.Debug|Any CPU.ActiveCfg = Debug|Any CPU
		{C8EAE0EF-0927-48CC-A7AF-D103CFFEA09B}.Debug|Any CPU.Build.0 = Debug|Any CPU
		{C8EAE0EF-0927-48CC-A7AF-D103CFFEA09B}.Release|Any CPU.ActiveCfg = Release|Any CPU
		{C8EAE0EF-0927-48CC-A7AF-D103CFFEA09B}.Release|Any CPU.Build.0 = Release|Any CPU
	EndGlobalSection
	GlobalSection(SolutionProperties) = preSolution
		HideSolutionNode = FALSE
	EndGlobalSection
	GlobalSection(ExtensibilityGlobals) = postSolution
		SolutionGuid = {D16C0D30-2E78-4A99-A104-428983EE9402}
	EndGlobalSection
EndGlobal
