
Microsoft Visual Studio Solution File, Format Version 12.00
# Visual Studio 15
VisualStudioVersion = 15.0.28010.2036
MinimumVisualStudioVersion = 10.0.40219.1
Project("{FAE04EC0-301F-11D3-BF4B-00C04F79EFBC}") = "StudentMarks", "StudentMarks\StudentMarks.csproj", "{832F0FDA-D613-4204-951B-70EF88B377E6}"
EndProject
Global
	GlobalSection(SolutionConfigurationPlatforms) = preSolution
		Debug|Any CPU = Debug|Any CPU
		Release|Any CPU = Release|Any CPU
	EndGlobalSection
	GlobalSection(ProjectConfigurationPlatforms) = postSolution
		{832F0FDA-D613-4204-951B-70EF88B377E6}.Debug|Any CPU.ActiveCfg = Debug|Any CPU
		{832F0FDA-D613-4204-951B-70EF88B377E6}.Debug|Any CPU.Build.0 = Debug|Any CPU
		{832F0FDA-D613-4204-951B-70EF88B377E6}.Release|Any CPU.ActiveCfg = Release|Any CPU
		{832F0FDA-D613-4204-951B-70EF88B377E6}.Release|Any CPU.Build.0 = Release|Any CPU
	EndGlobalSection
	GlobalSection(SolutionProperties) = preSolution
		HideSolutionNode = FALSE
	EndGlobalSection
	GlobalSection(ExtensibilityGlobals) = postSolution
		SolutionGuid = {CF8767B4-23DC-4892-A57D-EB44000E240A}
	EndGlobalSection
EndGlobal
